{
  "pins" : [
    {
      "identity" : "swiftformat",
      "kind" : "remoteSourceControl",
      "location" : "https://github.com/nicklockwood/SwiftFormat",
      "state" : {
        "revision" : "cac06079ce883170ab44cb021faad298daeec2a5",
        "version" : "0.52.10"
      }
    }
  ],
  "version" : 2
}
