{
  "pins" : [
    {
      "identity" : "msgpack-swift",
      "kind" : "remoteSourceControl",
      "location" : "https://github.com/fumoboy007/msgpack-swift.git",
      "state" : {
        "revision" : "1e3124367973f45955f27f49a617862605e55288",
        "version" : "2.0.0"
      }
    },
    {
      "identity" : "swiftformat",
      "kind" : "remoteSourceControl",
      "location" : "https://github.com/nicklockwood/SwiftFormat",
      "state" : {
        "revision" : "cac06079ce883170ab44cb021faad298daeec2a5",
        "version" : "0.52.10"
      }
    }
  ],
  "version" : 2
}
