{
  "pins" : [
    {
      "identity" : "swift-msgpack",
      "kind" : "remoteSourceControl",
      "location" : "https://github.com/nnabeyang/swift-msgpack.git",
      "state" : {
        "revision" : "1bea81471d6d0381e497d7603ab5204b6c3b6583",
        "version" : "0.3.1"
      }
    }
  ],
  "version" : 2
}
