{
  "pins" : [
    {
      "identity" : "swift-msgpack",
      "kind" : "remoteSourceControl",
      "location" : "https://github.com/nnabeyang/swift-msgpack.git",
      "state" : {
        "revision" : "01a4324add1dbcba63dc74a8febb02291622b532",
        "version" : "0.3.3"
      }
    }
  ],
  "version" : 2
}
