// !$*UTF8*$!
{
	archiveVersion = 1;
	classes = {
	};
	objectVersion = 60;
	objects = {

/* Begin PBXBuildFile section */
		344388872B2014E700C75EA1 /* FalCameraSampleAppApp.swift in Sources */ = {isa = PBXBuildFile; fileRef = 344388862B2014E700C75EA1 /* FalCameraSampleAppApp.swift */; };
		344388892B2014E700C75EA1 /* ContentView.swift in Sources */ = {isa = PBXBuildFile; fileRef = 344388882B2014E700C75EA1 /* ContentView.swift */; };
		3443888B2B2014E800C75EA1 /* Assets.xcassets in Resources */ = {isa = PBXBuildFile; fileRef = 3443888A2B2014E800C75EA1 /* Assets.xcassets */; };
		3443888F2B2014E800C75EA1 /* Preview Assets.xcassets in Resources */ = {isa = PBXBuildFile; fileRef = 3443888E2B2014E800C75EA1 /* Preview Assets.xcassets */; };
		344388962B201CA900C75EA1 /* CameraView.swift in Sources */ = {isa = PBXBuildFile; fileRef = 344388952B201CA900C75EA1 /* CameraView.swift */; };
		344388982B201F1900C75EA1 /* FrameProcessor.swift in Sources */ = {isa = PBXBuildFile; fileRef = 344388972B201F1900C75EA1 /* FrameProcessor.swift */; };
		34A010BC2B209079007E007F /* fal.swift in Sources */ = {isa = PBXBuildFile; fileRef = 34A010BB2B209079007E007F /* fal.swift */; };
		34A010BF2B209099007E007F /* FalClient in Frameworks */ = {isa = PBXBuildFile; productRef = 34A010BE2B209099007E007F /* FalClient */; };
		34A010C32B21973D007E007F /* ImageStreaming.swift in Sources */ = {isa = PBXBuildFile; fileRef = 34A010C22B21973D007E007F /* ImageStreaming.swift */; };
		34A010C52B219FE5007E007F /* ImageStreamingModel.swift in Sources */ = {isa = PBXBuildFile; fileRef = 34A010C42B219FE5007E007F /* ImageStreamingModel.swift */; };
/* End PBXBuildFile section */

/* Begin PBXFileReference section */
		344388832B2014E700C75EA1 /* FalCameraSampleApp.app */ = {isa = PBXFileReference; explicitFileType = wrapper.application; includeInIndex = 0; path = FalCameraSampleApp.app; sourceTree = BUILT_PRODUCTS_DIR; };
		344388862B2014E700C75EA1 /* FalCameraSampleAppApp.swift */ = {isa = PBXFileReference; lastKnownFileType = sourcecode.swift; path = FalCameraSampleAppApp.swift; sourceTree = "<group>"; };
		344388882B2014E700C75EA1 /* ContentView.swift */ = {isa = PBXFileReference; lastKnownFileType = sourcecode.swift; path = ContentView.swift; sourceTree = "<group>"; };
		3443888A2B2014E800C75EA1 /* Assets.xcassets */ = {isa = PBXFileReference; lastKnownFileType = folder.assetcatalog; path = Assets.xcassets; sourceTree = "<group>"; };
		3443888C2B2014E800C75EA1 /* FalCameraSampleApp.entitlements */ = {isa = PBXFileReference; lastKnownFileType = text.plist.entitlements; path = FalCameraSampleApp.entitlements; sourceTree = "<group>"; };
		3443888E2B2014E800C75EA1 /* Preview Assets.xcassets */ = {isa = PBXFileReference; lastKnownFileType = folder.assetcatalog; path = "Preview Assets.xcassets"; sourceTree = "<group>"; };
		344388952B201CA900C75EA1 /* CameraView.swift */ = {isa = PBXFileReference; lastKnownFileType = sourcecode.swift; path = CameraView.swift; sourceTree = "<group>"; };
		344388972B201F1900C75EA1 /* FrameProcessor.swift */ = {isa = PBXFileReference; lastKnownFileType = sourcecode.swift; path = FrameProcessor.swift; sourceTree = "<group>"; };
		344388992B2023CA00C75EA1 /* Info.plist */ = {isa = PBXFileReference; lastKnownFileType = text.plist; path = Info.plist; sourceTree = "<group>"; };
		34A010BB2B209079007E007F /* fal.swift */ = {isa = PBXFileReference; fileEncoding = 4; lastKnownFileType = sourcecode.swift; path = fal.swift; sourceTree = "<group>"; };
		34A010C22B21973D007E007F /* ImageStreaming.swift */ = {isa = PBXFileReference; lastKnownFileType = sourcecode.swift; path = ImageStreaming.swift; sourceTree = "<group>"; };
		34A010C42B219FE5007E007F /* ImageStreamingModel.swift */ = {isa = PBXFileReference; lastKnownFileType = sourcecode.swift; path = ImageStreamingModel.swift; sourceTree = "<group>"; };
/* End PBXFileReference section */

/* Begin PBXFrameworksBuildPhase section */
		344388802B2014E700C75EA1 /* Frameworks */ = {
			isa = PBXFrameworksBuildPhase;
			buildActionMask = 2147483647;
			files = (
				34A010BF2B209099007E007F /* FalClient in Frameworks */,
			);
			runOnlyForDeploymentPostprocessing = 0;
		};
/* End PBXFrameworksBuildPhase section */

/* Begin PBXGroup section */
		3443887A2B2014E700C75EA1 = {
			isa = PBXGroup;
			children = (
				344388852B2014E700C75EA1 /* FalCameraSampleApp */,
				344388842B2014E700C75EA1 /* Products */,
			);
			sourceTree = "<group>";
		};
		344388842B2014E700C75EA1 /* Products */ = {
			isa = PBXGroup;
			children = (
				344388832B2014E700C75EA1 /* FalCameraSampleApp.app */,
			);
			name = Products;
			sourceTree = "<group>";
		};
		344388852B2014E700C75EA1 /* FalCameraSampleApp */ = {
			isa = PBXGroup;
			children = (
				3443888A2B2014E800C75EA1 /* Assets.xcassets */,
				344388952B201CA900C75EA1 /* CameraView.swift */,
				344388882B2014E700C75EA1 /* ContentView.swift */,
				34A010BB2B209079007E007F /* fal.swift */,
				3443888C2B2014E800C75EA1 /* FalCameraSampleApp.entitlements */,
				344388862B2014E700C75EA1 /* FalCameraSampleAppApp.swift */,
				344388972B201F1900C75EA1 /* FrameProcessor.swift */,
				34A010C22B21973D007E007F /* ImageStreaming.swift */,
				34A010C42B219FE5007E007F /* ImageStreamingModel.swift */,
				344388992B2023CA00C75EA1 /* Info.plist */,
				3443888D2B2014E800C75EA1 /* Preview Content */,
			);
			path = FalCameraSampleApp;
			sourceTree = "<group>";
		};
		3443888D2B2014E800C75EA1 /* Preview Content */ = {
			isa = PBXGroup;
			children = (
				3443888E2B2014E800C75EA1 /* Preview Assets.xcassets */,
			);
			path = "Preview Content";
			sourceTree = "<group>";
		};
/* End PBXGroup section */

/* Begin PBXNativeTarget section */
		344388822B2014E700C75EA1 /* FalCameraSampleApp */ = {
			isa = PBXNativeTarget;
			buildConfigurationList = 344388922B2014E800C75EA1 /* Build configuration list for PBXNativeTarget "FalCameraSampleApp" */;
			buildPhases = (
				3443887F2B2014E700C75EA1 /* Sources */,
				344388802B2014E700C75EA1 /* Frameworks */,
				344388812B2014E700C75EA1 /* Resources */,
			);
			buildRules = (
			);
			dependencies = (
			);
			name = FalCameraSampleApp;
			packageProductDependencies = (
				34A010BE2B209099007E007F /* FalClient */,
			);
			productName = FalCameraSampleApp;
			productReference = 344388832B2014E700C75EA1 /* FalCameraSampleApp.app */;
			productType = "com.apple.product-type.application";
		};
/* End PBXNativeTarget section */

/* Begin PBXProject section */
		3443887B2B2014E700C75EA1 /* Project object */ = {
			isa = PBXProject;
			attributes = {
				BuildIndependentTargetsInParallel = 1;
				LastSwiftUpdateCheck = 1500;
				LastUpgradeCheck = 1500;
				TargetAttributes = {
					344388822B2014E700C75EA1 = {
						CreatedOnToolsVersion = 15.0.1;
					};
				};
			};
			buildConfigurationList = 3443887E2B2014E700C75EA1 /* Build configuration list for PBXProject "FalCameraSampleApp" */;
			compatibilityVersion = "Xcode 14.0";
			developmentRegion = en;
			hasScannedForEncodings = 0;
			knownRegions = (
				en,
				Base,
			);
			mainGroup = 3443887A2B2014E700C75EA1;
			packageReferences = (
				34A010BD2B209099007E007F /* XCLocalSwiftPackageReference "../../.." */,
			);
			productRefGroup = 344388842B2014E700C75EA1 /* Products */;
			projectDirPath = "";
			projectRoot = "";
			targets = (
				344388822B2014E700C75EA1 /* FalCameraSampleApp */,
			);
		};
/* End PBXProject section */

/* Begin PBXResourcesBuildPhase section */
		344388812B2014E700C75EA1 /* Resources */ = {
			isa = PBXResourcesBuildPhase;
			buildActionMask = 2147483647;
			files = (
				3443888F2B2014E800C75EA1 /* Preview Assets.xcassets in Resources */,
				3443888B2B2014E800C75EA1 /* Assets.xcassets in Resources */,
			);
			runOnlyForDeploymentPostprocessing = 0;
		};
/* End PBXResourcesBuildPhase section */

/* Begin PBXSourcesBuildPhase section */
		3443887F2B2014E700C75EA1 /* Sources */ = {
			isa = PBXSourcesBuildPhase;
			buildActionMask = 2147483647;
			files = (
				34A010C32B21973D007E007F /* ImageStreaming.swift in Sources */,
				34A010BC2B209079007E007F /* fal.swift in Sources */,
				34A010C52B219FE5007E007F /* ImageStreamingModel.swift in Sources */,
				344388962B201CA900C75EA1 /* CameraView.swift in Sources */,
				344388892B2014E700C75EA1 /* ContentView.swift in Sources */,
				344388982B201F1900C75EA1 /* FrameProcessor.swift in Sources */,
				344388872B2014E700C75EA1 /* FalCameraSampleAppApp.swift in Sources */,
			);
			runOnlyForDeploymentPostprocessing = 0;
		};
/* End PBXSourcesBuildPhase section */

/* Begin XCBuildConfiguration section */
		344388902B2014E800C75EA1 /* Debug */ = {
			isa = XCBuildConfiguration;
			buildSettings = {
				ALWAYS_SEARCH_USER_PATHS = NO;
				ASSETCATALOG_COMPILER_GENERATE_SWIFT_ASSET_SYMBOL_EXTENSIONS = YES;
				CLANG_ANALYZER_NONNULL = YES;
				CLANG_ANALYZER_NUMBER_OBJECT_CONVERSION = YES_AGGRESSIVE;
				CLANG_CXX_LANGUAGE_STANDARD = "gnu++20";
				CLANG_ENABLE_MODULES = YES;
				CLANG_ENABLE_OBJC_ARC = YES;
				CLANG_ENABLE_OBJC_WEAK = YES;
				CLANG_WARN_BLOCK_CAPTURE_AUTORELEASING = YES;
				CLANG_WARN_BOOL_CONVERSION = YES;
				CLANG_WARN_COMMA = YES;
				CLANG_WARN_CONSTANT_CONVERSION = YES;
				CLANG_WARN_DEPRECATED_OBJC_IMPLEMENTATIONS = YES;
				CLANG_WARN_DIRECT_OBJC_ISA_USAGE = YES_ERROR;
				CLANG_WARN_DOCUMENTATION_COMMENTS = YES;
				CLANG_WARN_EMPTY_BODY = YES;
				CLANG_WARN_ENUM_CONVERSION = YES;
				CLANG_WARN_INFINITE_RECURSION = YES;
				CLANG_WARN_INT_CONVERSION = YES;
				CLANG_WARN_NON_LITERAL_NULL_CONVERSION = YES;
				CLANG_WARN_OBJC_IMPLICIT_RETAIN_SELF = YES;
				CLANG_WARN_OBJC_LITERAL_CONVERSION = YES;
				CLANG_WARN_OBJC_ROOT_CLASS = YES_ERROR;
				CLANG_WARN_QUOTED_INCLUDE_IN_FRAMEWORK_HEADER = YES;
				CLANG_WARN_RANGE_LOOP_ANALYSIS = YES;
				CLANG_WARN_STRICT_PROTOTYPES = YES;
				CLANG_WARN_SUSPICIOUS_MOVE = YES;
				CLANG_WARN_UNGUARDED_AVAILABILITY = YES_AGGRESSIVE;
				CLANG_WARN_UNREACHABLE_CODE = YES;
				CLANG_WARN__DUPLICATE_METHOD_MATCH = YES;
				COPY_PHASE_STRIP = NO;
				DEBUG_INFORMATION_FORMAT = dwarf;
				ENABLE_STRICT_OBJC_MSGSEND = YES;
				ENABLE_TESTABILITY = YES;
				ENABLE_USER_SCRIPT_SANDBOXING = YES;
				GCC_C_LANGUAGE_STANDARD = gnu17;
				GCC_DYNAMIC_NO_PIC = NO;
				GCC_NO_COMMON_BLOCKS = YES;
				GCC_OPTIMIZATION_LEVEL = 0;
				GCC_PREPROCESSOR_DEFINITIONS = (
					"DEBUG=1",
					"$(inherited)",
				);
				GCC_WARN_64_TO_32_BIT_CONVERSION = YES;
				GCC_WARN_ABOUT_RETURN_TYPE = YES_ERROR;
				GCC_WARN_UNDECLARED_SELECTOR = YES;
				GCC_WARN_UNINITIALIZED_AUTOS = YES_AGGRESSIVE;
				GCC_WARN_UNUSED_FUNCTION = YES;
				GCC_WARN_UNUSED_VARIABLE = YES;
				LOCALIZATION_PREFERS_STRING_CATALOGS = YES;
				MTL_ENABLE_DEBUG_INFO = INCLUDE_SOURCE;
				MTL_FAST_MATH = YES;
				ONLY_ACTIVE_ARCH = YES;
				SWIFT_ACTIVE_COMPILATION_CONDITIONS = "DEBUG $(inherited)";
				SWIFT_OPTIMIZATION_LEVEL = "-Onone";
			};
			name = Debug;
		};
		344388912B2014E800C75EA1 /* Release */ = {
			isa = XCBuildConfiguration;
			buildSettings = {
				ALWAYS_SEARCH_USER_PATHS = NO;
				ASSETCATALOG_COMPILER_GENERATE_SWIFT_ASSET_SYMBOL_EXTENSIONS = YES;
				CLANG_ANALYZER_NONNULL = YES;
				CLANG_ANALYZER_NUMBER_OBJECT_CONVERSION = YES_AGGRESSIVE;
				CLANG_CXX_LANGUAGE_STANDARD = "gnu++20";
				CLANG_ENABLE_MODULES = YES;
				CLANG_ENABLE_OBJC_ARC = YES;
				CLANG_ENABLE_OBJC_WEAK = YES;
				CLANG_WARN_BLOCK_CAPTURE_AUTORELEASING = YES;
				CLANG_WARN_BOOL_CONVERSION = YES;
				CLANG_WARN_COMMA = YES;
				CLANG_WARN_CONSTANT_CONVERSION = YES;
				CLANG_WARN_DEPRECATED_OBJC_IMPLEMENTATIONS = YES;
				CLANG_WARN_DIRECT_OBJC_ISA_USAGE = YES_ERROR;
				CLANG_WARN_DOCUMENTATION_COMMENTS = YES;
				CLANG_WARN_EMPTY_BODY = YES;
				CLANG_WARN_ENUM_CONVERSION = YES;
				CLANG_WARN_INFINITE_RECURSION = YES;
				CLANG_WARN_INT_CONVERSION = YES;
				CLANG_WARN_NON_LITERAL_NULL_CONVERSION = YES;
				CLANG_WARN_OBJC_IMPLICIT_RETAIN_SELF = YES;
				CLANG_WARN_OBJC_LITERAL_CONVERSION = YES;
				CLANG_WARN_OBJC_ROOT_CLASS = YES_ERROR;
				CLANG_WARN_QUOTED_INCLUDE_IN_FRAMEWORK_HEADER = YES;
				CLANG_WARN_RANGE_LOOP_ANALYSIS = YES;
				CLANG_WARN_STRICT_PROTOTYPES = YES;
				CLANG_WARN_SUSPICIOUS_MOVE = YES;
				CLANG_WARN_UNGUARDED_AVAILABILITY = YES_AGGRESSIVE;
				CLANG_WARN_UNREACHABLE_CODE = YES;
				CLANG_WARN__DUPLICATE_METHOD_MATCH = YES;
				COPY_PHASE_STRIP = NO;
				DEBUG_INFORMATION_FORMAT = "dwarf-with-dsym";
				ENABLE_NS_ASSERTIONS = NO;
				ENABLE_STRICT_OBJC_MSGSEND = YES;
				ENABLE_USER_SCRIPT_SANDBOXING = YES;
				GCC_C_LANGUAGE_STANDARD = gnu17;
				GCC_NO_COMMON_BLOCKS = YES;
				GCC_WARN_64_TO_32_BIT_CONVERSION = YES;
				GCC_WARN_ABOUT_RETURN_TYPE = YES_ERROR;
				GCC_WARN_UNDECLARED_SELECTOR = YES;
				GCC_WARN_UNINITIALIZED_AUTOS = YES_AGGRESSIVE;
				GCC_WARN_UNUSED_FUNCTION = YES;
				GCC_WARN_UNUSED_VARIABLE = YES;
				LOCALIZATION_PREFERS_STRING_CATALOGS = YES;
				MTL_ENABLE_DEBUG_INFO = NO;
				MTL_FAST_MATH = YES;
				SWIFT_COMPILATION_MODE = wholemodule;
			};
			name = Release;
		};
		344388932B2014E800C75EA1 /* Debug */ = {
			isa = XCBuildConfiguration;
			buildSettings = {
				ASSETCATALOG_COMPILER_APPICON_NAME = AppIcon;
				ASSETCATALOG_COMPILER_GLOBAL_ACCENT_COLOR_NAME = AccentColor;
				CODE_SIGN_ENTITLEMENTS = FalCameraSampleApp/FalCameraSampleApp.entitlements;
				CODE_SIGN_STYLE = Automatic;
				CURRENT_PROJECT_VERSION = 1;
				DEVELOPMENT_ASSET_PATHS = "\"FalCameraSampleApp/Preview Content\"";
				DEVELOPMENT_TEAM = BMJA3S698P;
				ENABLE_PREVIEWS = YES;
				GENERATE_INFOPLIST_FILE = YES;
				INFOPLIST_FILE = FalCameraSampleApp/Info.plist;
				INFOPLIST_KEY_NSCameraUsageDescription = "Camera access for real-time AI processing";
				"INFOPLIST_KEY_UIApplicationSceneManifest_Generation[sdk=iphoneos*]" = YES;
				"INFOPLIST_KEY_UIApplicationSceneManifest_Generation[sdk=iphonesimulator*]" = YES;
				"INFOPLIST_KEY_UIApplicationSupportsIndirectInputEvents[sdk=iphoneos*]" = YES;
				"INFOPLIST_KEY_UIApplicationSupportsIndirectInputEvents[sdk=iphonesimulator*]" = YES;
				"INFOPLIST_KEY_UILaunchScreen_Generation[sdk=iphoneos*]" = YES;
				"INFOPLIST_KEY_UILaunchScreen_Generation[sdk=iphonesimulator*]" = YES;
				"INFOPLIST_KEY_UIStatusBarStyle[sdk=iphoneos*]" = UIStatusBarStyleDefault;
				"INFOPLIST_KEY_UIStatusBarStyle[sdk=iphonesimulator*]" = UIStatusBarStyleDefault;
				INFOPLIST_KEY_UISupportedInterfaceOrientations = "UIInterfaceOrientationLandscapeLeft UIInterfaceOrientationLandscapeRight UIInterfaceOrientationPortrait";
				IPHONEOS_DEPLOYMENT_TARGET = 15.6;
				LD_RUNPATH_SEARCH_PATHS = "@executable_path/Frameworks";
				"LD_RUNPATH_SEARCH_PATHS[sdk=macosx*]" = "@executable_path/../Frameworks";
				MACOSX_DEPLOYMENT_TARGET = 14.0;
				MARKETING_VERSION = 1.0;
				PRODUCT_BUNDLE_IDENTIFIER = ai.fal.FalCameraSampleApp;
				PRODUCT_NAME = "$(TARGET_NAME)";
				SDKROOT = auto;
				SUPPORTED_PLATFORMS = "iphoneos iphonesimulator";
				SUPPORTS_MACCATALYST = YES;
				SUPPORTS_MAC_DESIGNED_FOR_IPHONE_IPAD = NO;
				SWIFT_EMIT_LOC_STRINGS = YES;
				SWIFT_VERSION = 5.0;
				TARGETED_DEVICE_FAMILY = "1,2";
			};
			name = Debug;
		};
		344388942B2014E800C75EA1 /* Release */ = {
			isa = XCBuildConfiguration;
			buildSettings = {
				ASSETCATALOG_COMPILER_APPICON_NAME = AppIcon;
				ASSETCATALOG_COMPILER_GLOBAL_ACCENT_COLOR_NAME = AccentColor;
				CODE_SIGN_ENTITLEMENTS = FalCameraSampleApp/FalCameraSampleApp.entitlements;
				CODE_SIGN_STYLE = Automatic;
				CURRENT_PROJECT_VERSION = 1;
				DEVELOPMENT_ASSET_PATHS = "\"FalCameraSampleApp/Preview Content\"";
				DEVELOPMENT_TEAM = BMJA3S698P;
				ENABLE_PREVIEWS = YES;
				GENERATE_INFOPLIST_FILE = YES;
				INFOPLIST_FILE = FalCameraSampleApp/Info.plist;
				INFOPLIST_KEY_NSCameraUsageDescription = "Camera access for real-time AI processing";
				"INFOPLIST_KEY_UIApplicationSceneManifest_Generation[sdk=iphoneos*]" = YES;
				"INFOPLIST_KEY_UIApplicationSceneManifest_Generation[sdk=iphonesimulator*]" = YES;
				"INFOPLIST_KEY_UIApplicationSupportsIndirectInputEvents[sdk=iphoneos*]" = YES;
				"INFOPLIST_KEY_UIApplicationSupportsIndirectInputEvents[sdk=iphonesimulator*]" = YES;
				"INFOPLIST_KEY_UILaunchScreen_Generation[sdk=iphoneos*]" = YES;
				"INFOPLIST_KEY_UILaunchScreen_Generation[sdk=iphonesimulator*]" = YES;
				"INFOPLIST_KEY_UIStatusBarStyle[sdk=iphoneos*]" = UIStatusBarStyleDefault;
				"INFOPLIST_KEY_UIStatusBarStyle[sdk=iphonesimulator*]" = UIStatusBarStyleDefault;
				INFOPLIST_KEY_UISupportedInterfaceOrientations = "UIInterfaceOrientationLandscapeLeft UIInterfaceOrientationLandscapeRight UIInterfaceOrientationPortrait";
				IPHONEOS_DEPLOYMENT_TARGET = 15.6;
				LD_RUNPATH_SEARCH_PATHS = "@executable_path/Frameworks";
				"LD_RUNPATH_SEARCH_PATHS[sdk=macosx*]" = "@executable_path/../Frameworks";
				MACOSX_DEPLOYMENT_TARGET = 14.0;
				MARKETING_VERSION = 1.0;
				PRODUCT_BUNDLE_IDENTIFIER = ai.fal.FalCameraSampleApp;
				PRODUCT_NAME = "$(TARGET_NAME)";
				SDKROOT = auto;
				SUPPORTED_PLATFORMS = "iphoneos iphonesimulator";
				SUPPORTS_MACCATALYST = YES;
				SUPPORTS_MAC_DESIGNED_FOR_IPHONE_IPAD = NO;
				SWIFT_EMIT_LOC_STRINGS = YES;
				SWIFT_VERSION = 5.0;
				TARGETED_DEVICE_FAMILY = "1,2";
			};
			name = Release;
		};
/* End XCBuildConfiguration section */

/* Begin XCConfigurationList section */
		3443887E2B2014E700C75EA1 /* Build configuration list for PBXProject "FalCameraSampleApp" */ = {
			isa = XCConfigurationList;
			buildConfigurations = (
				344388902B2014E800C75EA1 /* Debug */,
				344388912B2014E800C75EA1 /* Release */,
			);
			defaultConfigurationIsVisible = 0;
			defaultConfigurationName = Release;
		};
		344388922B2014E800C75EA1 /* Build configuration list for PBXNativeTarget "FalCameraSampleApp" */ = {
			isa = XCConfigurationList;
			buildConfigurations = (
				344388932B2014E800C75EA1 /* Debug */,
				344388942B2014E800C75EA1 /* Release */,
			);
			defaultConfigurationIsVisible = 0;
			defaultConfigurationName = Release;
		};
/* End XCConfigurationList section */

/* Begin XCLocalSwiftPackageReference section */
		34A010BD2B209099007E007F /* XCLocalSwiftPackageReference "../../.." */ = {
			isa = XCLocalSwiftPackageReference;
			relativePath = ../../..;
		};
/* End XCLocalSwiftPackageReference section */

/* Begin XCSwiftPackageProductDependency section */
		34A010BE2B209099007E007F /* FalClient */ = {
			isa = XCSwiftPackageProductDependency;
			productName = FalClient;
		};
/* End XCSwiftPackageProductDependency section */
	};
	rootObject = 3443887B2B2014E700C75EA1 /* Project object */;
}
